# This file was autogenerated by Stack.
# You should not edit this file by hand.
# For more information, please see the documentation at:
#   https://docs.haskellstack.org/en/stable/lock_files

packages: []
snapshots:
- completed:
    sha256: eca327fb42f0942a994c95e8765e11ba6c416a6e73251745b480e207b9c6c274
    size: 646692
    url: https://raw.githubusercontent.com/commercialhaskell/stackage-snapshots/master/nightly/2022/10/30.yaml
  original: nightly-2022-10-30
